
Microsoft Visual Studio Solution File, Format Version 12.00
# Visual Studio Version 16
VisualStudioVersion = 16.0.33027.164
MinimumVisualStudioVersion = 10.0.40219.1
Project("{FAE04EC0-301F-11D3-BF4B-00C04F79EFBC}") = "helloworld", "helloworld.csproj", "{244181E1-6C0C-49A4-A41D-BF1D49CD4616}"
EndProject
Global
	GlobalSection(SolutionConfigurationPlatforms) = preSolution
		Debug|Any CPU = Debug|Any CPU
		Release|Any CPU = Release|Any CPU
	EndGlobalSection
	GlobalSection(ProjectConfigurationPlatforms) = postSolution
		{244181E1-6C0C-49A4-A41D-BF1D49CD4616}.Debug|Any CPU.ActiveCfg = Debug|Any CPU
		{244181E1-6C0C-49A4-A41D-BF1D49CD4616}.Debug|Any CPU.Build.0 = Debug|Any CPU
		{244181E1-6C0C-49A4-A41D-BF1D49CD4616}.Release|Any CPU.ActiveCfg = Release|Any CPU
		{244181E1-6C0C-49A4-A41D-BF1D49CD4616}.Release|Any CPU.Build.0 = Release|Any CPU
	EndGlobalSection
	GlobalSection(SolutionProperties) = preSolution
		HideSolutionNode = FALSE
	EndGlobalSection
	GlobalSection(ExtensibilityGlobals) = postSolution
		SolutionGuid = {65E0EECE-BFEF-4CA0-8716-AB8F82D65E8E}
	EndGlobalSection
EndGlobal
