
Microsoft Visual Studio Solution File, Format Version 12.00
# Visual Studio Version 16
VisualStudioVersion = 16.0.32901.82
MinimumVisualStudioVersion = 10.0.40219.1
Project("{FAE04EC0-301F-11D3-BF4B-00C04F79EFBC}") = "DZIAL2Formsapp1", "DZIAL2Formsapp1\DZIAL2Formsapp1.csproj", "{4DF35678-ED3A-4487-9D78-E0BEA7C02F18}"
EndProject
Global
	GlobalSection(SolutionConfigurationPlatforms) = preSolution
		Debug|Any CPU = Debug|Any CPU
		Release|Any CPU = Release|Any CPU
	EndGlobalSection
	GlobalSection(ProjectConfigurationPlatforms) = postSolution
		{4DF35678-ED3A-4487-9D78-E0BEA7C02F18}.Debug|Any CPU.ActiveCfg = Debug|Any CPU
		{4DF35678-ED3A-4487-9D78-E0BEA7C02F18}.Debug|Any CPU.Build.0 = Debug|Any CPU
		{4DF35678-ED3A-4487-9D78-E0BEA7C02F18}.Release|Any CPU.ActiveCfg = Release|Any CPU
		{4DF35678-ED3A-4487-9D78-E0BEA7C02F18}.Release|Any CPU.Build.0 = Release|Any CPU
	EndGlobalSection
	GlobalSection(SolutionProperties) = preSolution
		HideSolutionNode = FALSE
	EndGlobalSection
	GlobalSection(ExtensibilityGlobals) = postSolution
		SolutionGuid = {8EFB059B-007E-41A1-9A15-B0FD24033F20}
	EndGlobalSection
EndGlobal
