
Microsoft Visual Studio Solution File, Format Version 12.00
# Visual Studio Version 16
VisualStudioVersion = 16.0.32901.82
MinimumVisualStudioVersion = 10.0.40219.1
Project("{FAE04EC0-301F-11D3-BF4B-00C04F79EFBC}") = "DZIAL2WindowsForms2", "DZIAL2WindowsForms2\DZIAL2WindowsForms2.csproj", "{14287533-0AF7-482A-B8AB-59BC2B6B57C2}"
EndProject
Global
	GlobalSection(SolutionConfigurationPlatforms) = preSolution
		Debug|Any CPU = Debug|Any CPU
		Release|Any CPU = Release|Any CPU
	EndGlobalSection
	GlobalSection(ProjectConfigurationPlatforms) = postSolution
		{14287533-0AF7-482A-B8AB-59BC2B6B57C2}.Debug|Any CPU.ActiveCfg = Debug|Any CPU
		{14287533-0AF7-482A-B8AB-59BC2B6B57C2}.Debug|Any CPU.Build.0 = Debug|Any CPU
		{14287533-0AF7-482A-B8AB-59BC2B6B57C2}.Release|Any CPU.ActiveCfg = Release|Any CPU
		{14287533-0AF7-482A-B8AB-59BC2B6B57C2}.Release|Any CPU.Build.0 = Release|Any CPU
	EndGlobalSection
	GlobalSection(SolutionProperties) = preSolution
		HideSolutionNode = FALSE
	EndGlobalSection
	GlobalSection(ExtensibilityGlobals) = postSolution
		SolutionGuid = {171B526A-3F9A-4761-9335-06FEECBDBC37}
	EndGlobalSection
EndGlobal
