
Microsoft Visual Studio Solution File, Format Version 12.00
# Visual Studio Version 16
VisualStudioVersion = 16.0.32901.82
MinimumVisualStudioVersion = 10.0.40219.1
Project("{FAE04EC0-301F-11D3-BF4B-00C04F79EFBC}") = "wyscigPsow", "wyscigPsow\wyscigPsow.csproj", "{8C9C3ECD-9C72-483C-A8F5-2E4AB8E1F066}"
EndProject
Global
	GlobalSection(SolutionConfigurationPlatforms) = preSolution
		Debug|Any CPU = Debug|Any CPU
		Release|Any CPU = Release|Any CPU
	EndGlobalSection
	GlobalSection(ProjectConfigurationPlatforms) = postSolution
		{8C9C3ECD-9C72-483C-A8F5-2E4AB8E1F066}.Debug|Any CPU.ActiveCfg = Debug|Any CPU
		{8C9C3ECD-9C72-483C-A8F5-2E4AB8E1F066}.Debug|Any CPU.Build.0 = Debug|Any CPU
		{8C9C3ECD-9C72-483C-A8F5-2E4AB8E1F066}.Release|Any CPU.ActiveCfg = Release|Any CPU
		{8C9C3ECD-9C72-483C-A8F5-2E4AB8E1F066}.Release|Any CPU.Build.0 = Release|Any CPU
	EndGlobalSection
	GlobalSection(SolutionProperties) = preSolution
		HideSolutionNode = FALSE
	EndGlobalSection
	GlobalSection(ExtensibilityGlobals) = postSolution
		SolutionGuid = {52326662-8849-43DB-A0E1-48DC545B2B79}
	EndGlobalSection
EndGlobal
