
Microsoft Visual Studio Solution File, Format Version 12.00
# Visual Studio Version 16
VisualStudioVersion = 16.0.32901.82
MinimumVisualStudioVersion = 10.0.40219.1
Project("{FAE04EC0-301F-11D3-BF4B-00C04F79EFBC}") = "kosmici", "kosmici\kosmici.csproj", "{743B1C44-84BD-420C-AB7D-5544A4F6CEB3}"
EndProject
Global
	GlobalSection(SolutionConfigurationPlatforms) = preSolution
		Debug|Any CPU = Debug|Any CPU
		Release|Any CPU = Release|Any CPU
	EndGlobalSection
	GlobalSection(ProjectConfigurationPlatforms) = postSolution
		{743B1C44-84BD-420C-AB7D-5544A4F6CEB3}.Debug|Any CPU.ActiveCfg = Debug|Any CPU
		{743B1C44-84BD-420C-AB7D-5544A4F6CEB3}.Debug|Any CPU.Build.0 = Debug|Any CPU
		{743B1C44-84BD-420C-AB7D-5544A4F6CEB3}.Release|Any CPU.ActiveCfg = Release|Any CPU
		{743B1C44-84BD-420C-AB7D-5544A4F6CEB3}.Release|Any CPU.Build.0 = Release|Any CPU
	EndGlobalSection
	GlobalSection(SolutionProperties) = preSolution
		HideSolutionNode = FALSE
	EndGlobalSection
	GlobalSection(ExtensibilityGlobals) = postSolution
		SolutionGuid = {12D2C7FC-D3A2-40F1-995A-BB382C2F220C}
	EndGlobalSection
EndGlobal
